
Microsoft Visual Studio Solution File, Format Version 12.00
# Visual Studio 15
VisualStudioVersion = 15.0.26228.4
MinimumVisualStudioVersion = 10.0.40219.1
Project("{2150E333-8FDC-42A3-9474-1A3956D46DE8}") = "1-Presentation", "1-Presentation", "{F86ED025-97C5-4AA2-B6BD-43F85DF9323D}"
EndProject
Project("{2150E333-8FDC-42A3-9474-1A3956D46DE8}") = "3-Domain", "3-Domain", "{10741CC8-3106-44C3-80CC-1C67BCE90543}"
EndProject
Project("{2150E333-8FDC-42A3-9474-1A3956D46DE8}") = "4-Infrastructure", "4-Infrastructure", "{1E7C4162-6B31-46D1-8314-8C031AE0A38C}"
EndProject
Project("{2150E333-8FDC-42A3-9474-1A3956D46DE8}") = "2-Service", "2-Service", "{5C3E3278-69E7-433C-8F67-11003A81C8C7}"
EndProject
Project("{FAE04EC0-301F-11D3-BF4B-00C04F79EFBC}") = "Dialysis.WebAdmin", "Dialysis.WebAdmin\Dialysis.WebAdmin.csproj", "{2057F619-7544-48B9-8AAB-0ADB4AE4CF2D}"
EndProject
Project("{FAE04EC0-301F-11D3-BF4B-00C04F79EFBC}") = "Dialysis.WebApi", "Dialysis.WebApi\Dialysis.WebApi.csproj", "{00FC26FD-5747-468F-B3AB-9E863D9DE70E}"
EndProject
Project("{FAE04EC0-301F-11D3-BF4B-00C04F79EFBC}") = "Dialysis.Service", "Dialysis.Service\Dialysis.Service.csproj", "{1E7B6CC5-E6A5-487A-BAA4-A3F4BF71BDBB}"
EndProject
Project("{FAE04EC0-301F-11D3-BF4B-00C04F79EFBC}") = "Dialysis.Domain", "Dialysis.Domain\Dialysis.Domain.csproj", "{0E3BCC87-0583-4855-A68E-6890305B70F9}"
EndProject
Project("{FAE04EC0-301F-11D3-BF4B-00C04F79EFBC}") = "Dialysis.Common", "Dialysis.Common\Dialysis.Common.csproj", "{93EF9260-28B7-412B-A036-83044E5CCDED}"
EndProject
Project("{FAE04EC0-301F-11D3-BF4B-00C04F79EFBC}") = "Dialysis.Repository", "Dialysis.Repository\Dialysis.Repository.csproj", "{688B7629-ED16-4EB3-823F-CE7B9DD0A1AE}"
EndProject
Project("{FAE04EC0-301F-11D3-BF4B-00C04F79EFBC}") = "Dialysis.Dto", "Dialysis.Dto\Dialysis.Dto.csproj", "{100A38F9-5A14-4A39-B175-A1C28406B971}"
EndProject
Project("{FAE04EC0-301F-11D3-BF4B-00C04F79EFBC}") = "Dialysis.H5", "Dialysis.H5\Dialysis.H5.csproj", "{3E25A8BD-0F60-4201-AA1D-CB549F04780C}"
EndProject
Global
	GlobalSection(SolutionConfigurationPlatforms) = preSolution
		Debug|Any CPU = Debug|Any CPU
		Debug|x64 = Debug|x64
		Debug|x86 = Debug|x86
		Release|Any CPU = Release|Any CPU
		Release|x64 = Release|x64
		Release|x86 = Release|x86
	EndGlobalSection
	GlobalSection(ProjectConfigurationPlatforms) = postSolution
		{2057F619-7544-48B9-8AAB-0ADB4AE4CF2D}.Debug|Any CPU.ActiveCfg = Debug|Any CPU
		{2057F619-7544-48B9-8AAB-0ADB4AE4CF2D}.Debug|Any CPU.Build.0 = Debug|Any CPU
		{2057F619-7544-48B9-8AAB-0ADB4AE4CF2D}.Debug|x64.ActiveCfg = Debug|Any CPU
		{2057F619-7544-48B9-8AAB-0ADB4AE4CF2D}.Debug|x64.Build.0 = Debug|Any CPU
		{2057F619-7544-48B9-8AAB-0ADB4AE4CF2D}.Debug|x86.ActiveCfg = Debug|Any CPU
		{2057F619-7544-48B9-8AAB-0ADB4AE4CF2D}.Debug|x86.Build.0 = Debug|Any CPU
		{2057F619-7544-48B9-8AAB-0ADB4AE4CF2D}.Release|Any CPU.ActiveCfg = Release|Any CPU
		{2057F619-7544-48B9-8AAB-0ADB4AE4CF2D}.Release|Any CPU.Build.0 = Release|Any CPU
		{2057F619-7544-48B9-8AAB-0ADB4AE4CF2D}.Release|x64.ActiveCfg = Release|Any CPU
		{2057F619-7544-48B9-8AAB-0ADB4AE4CF2D}.Release|x64.Build.0 = Release|Any CPU
		{2057F619-7544-48B9-8AAB-0ADB4AE4CF2D}.Release|x86.ActiveCfg = Release|Any CPU
		{2057F619-7544-48B9-8AAB-0ADB4AE4CF2D}.Release|x86.Build.0 = Release|Any CPU
		{00FC26FD-5747-468F-B3AB-9E863D9DE70E}.Debug|Any CPU.ActiveCfg = Debug|Any CPU
		{00FC26FD-5747-468F-B3AB-9E863D9DE70E}.Debug|Any CPU.Build.0 = Debug|Any CPU
		{00FC26FD-5747-468F-B3AB-9E863D9DE70E}.Debug|x64.ActiveCfg = Debug|Any CPU
		{00FC26FD-5747-468F-B3AB-9E863D9DE70E}.Debug|x64.Build.0 = Debug|Any CPU
		{00FC26FD-5747-468F-B3AB-9E863D9DE70E}.Debug|x86.ActiveCfg = Debug|Any CPU
		{00FC26FD-5747-468F-B3AB-9E863D9DE70E}.Debug|x86.Build.0 = Debug|Any CPU
		{00FC26FD-5747-468F-B3AB-9E863D9DE70E}.Release|Any CPU.ActiveCfg = Release|Any CPU
		{00FC26FD-5747-468F-B3AB-9E863D9DE70E}.Release|Any CPU.Build.0 = Release|Any CPU
		{00FC26FD-5747-468F-B3AB-9E863D9DE70E}.Release|x64.ActiveCfg = Release|Any CPU
		{00FC26FD-5747-468F-B3AB-9E863D9DE70E}.Release|x64.Build.0 = Release|Any CPU
		{00FC26FD-5747-468F-B3AB-9E863D9DE70E}.Release|x86.ActiveCfg = Release|Any CPU
		{00FC26FD-5747-468F-B3AB-9E863D9DE70E}.Release|x86.Build.0 = Release|Any CPU
		{1E7B6CC5-E6A5-487A-BAA4-A3F4BF71BDBB}.Debug|Any CPU.ActiveCfg = Debug|Any CPU
		{1E7B6CC5-E6A5-487A-BAA4-A3F4BF71BDBB}.Debug|Any CPU.Build.0 = Debug|Any CPU
		{1E7B6CC5-E6A5-487A-BAA4-A3F4BF71BDBB}.Debug|x64.ActiveCfg = Debug|Any CPU
		{1E7B6CC5-E6A5-487A-BAA4-A3F4BF71BDBB}.Debug|x64.Build.0 = Debug|Any CPU
		{1E7B6CC5-E6A5-487A-BAA4-A3F4BF71BDBB}.Debug|x86.ActiveCfg = Debug|Any CPU
		{1E7B6CC5-E6A5-487A-BAA4-A3F4BF71BDBB}.Debug|x86.Build.0 = Debug|Any CPU
		{1E7B6CC5-E6A5-487A-BAA4-A3F4BF71BDBB}.Release|Any CPU.ActiveCfg = Release|Any CPU
		{1E7B6CC5-E6A5-487A-BAA4-A3F4BF71BDBB}.Release|Any CPU.Build.0 = Release|Any CPU
		{1E7B6CC5-E6A5-487A-BAA4-A3F4BF71BDBB}.Release|x64.ActiveCfg = Release|Any CPU
		{1E7B6CC5-E6A5-487A-BAA4-A3F4BF71BDBB}.Release|x64.Build.0 = Release|Any CPU
		{1E7B6CC5-E6A5-487A-BAA4-A3F4BF71BDBB}.Release|x86.ActiveCfg = Release|Any CPU
		{1E7B6CC5-E6A5-487A-BAA4-A3F4BF71BDBB}.Release|x86.Build.0 = Release|Any CPU
		{0E3BCC87-0583-4855-A68E-6890305B70F9}.Debug|Any CPU.ActiveCfg = Debug|Any CPU
		{0E3BCC87-0583-4855-A68E-6890305B70F9}.Debug|Any CPU.Build.0 = Debug|Any CPU
		{0E3BCC87-0583-4855-A68E-6890305B70F9}.Debug|x64.ActiveCfg = Debug|Any CPU
		{0E3BCC87-0583-4855-A68E-6890305B70F9}.Debug|x64.Build.0 = Debug|Any CPU
		{0E3BCC87-0583-4855-A68E-6890305B70F9}.Debug|x86.ActiveCfg = Debug|Any CPU
		{0E3BCC87-0583-4855-A68E-6890305B70F9}.Debug|x86.Build.0 = Debug|Any CPU
		{0E3BCC87-0583-4855-A68E-6890305B70F9}.Release|Any CPU.ActiveCfg = Release|Any CPU
		{0E3BCC87-0583-4855-A68E-6890305B70F9}.Release|Any CPU.Build.0 = Release|Any CPU
		{0E3BCC87-0583-4855-A68E-6890305B70F9}.Release|x64.ActiveCfg = Release|Any CPU
		{0E3BCC87-0583-4855-A68E-6890305B70F9}.Release|x64.Build.0 = Release|Any CPU
		{0E3BCC87-0583-4855-A68E-6890305B70F9}.Release|x86.ActiveCfg = Release|Any CPU
		{0E3BCC87-0583-4855-A68E-6890305B70F9}.Release|x86.Build.0 = Release|Any CPU
		{93EF9260-28B7-412B-A036-83044E5CCDED}.Debug|Any CPU.ActiveCfg = Debug|Any CPU
		{93EF9260-28B7-412B-A036-83044E5CCDED}.Debug|Any CPU.Build.0 = Debug|Any CPU
		{93EF9260-28B7-412B-A036-83044E5CCDED}.Debug|x64.ActiveCfg = Debug|Any CPU
		{93EF9260-28B7-412B-A036-83044E5CCDED}.Debug|x64.Build.0 = Debug|Any CPU
		{93EF9260-28B7-412B-A036-83044E5CCDED}.Debug|x86.ActiveCfg = Debug|Any CPU
		{93EF9260-28B7-412B-A036-83044E5CCDED}.Debug|x86.Build.0 = Debug|Any CPU
		{93EF9260-28B7-412B-A036-83044E5CCDED}.Release|Any CPU.ActiveCfg = Release|Any CPU
		{93EF9260-28B7-412B-A036-83044E5CCDED}.Release|Any CPU.Build.0 = Release|Any CPU
		{93EF9260-28B7-412B-A036-83044E5CCDED}.Release|x64.ActiveCfg = Release|Any CPU
		{93EF9260-28B7-412B-A036-83044E5CCDED}.Release|x64.Build.0 = Release|Any CPU
		{93EF9260-28B7-412B-A036-83044E5CCDED}.Release|x86.ActiveCfg = Release|Any CPU
		{93EF9260-28B7-412B-A036-83044E5CCDED}.Release|x86.Build.0 = Release|Any CPU
		{688B7629-ED16-4EB3-823F-CE7B9DD0A1AE}.Debug|Any CPU.ActiveCfg = Debug|Any CPU
		{688B7629-ED16-4EB3-823F-CE7B9DD0A1AE}.Debug|Any CPU.Build.0 = Debug|Any CPU
		{688B7629-ED16-4EB3-823F-CE7B9DD0A1AE}.Debug|x64.ActiveCfg = Debug|Any CPU
		{688B7629-ED16-4EB3-823F-CE7B9DD0A1AE}.Debug|x64.Build.0 = Debug|Any CPU
		{688B7629-ED16-4EB3-823F-CE7B9DD0A1AE}.Debug|x86.ActiveCfg = Debug|Any CPU
		{688B7629-ED16-4EB3-823F-CE7B9DD0A1AE}.Debug|x86.Build.0 = Debug|Any CPU
		{688B7629-ED16-4EB3-823F-CE7B9DD0A1AE}.Release|Any CPU.ActiveCfg = Release|Any CPU
		{688B7629-ED16-4EB3-823F-CE7B9DD0A1AE}.Release|Any CPU.Build.0 = Release|Any CPU
		{688B7629-ED16-4EB3-823F-CE7B9DD0A1AE}.Release|x64.ActiveCfg = Release|Any CPU
		{688B7629-ED16-4EB3-823F-CE7B9DD0A1AE}.Release|x64.Build.0 = Release|Any CPU
		{688B7629-ED16-4EB3-823F-CE7B9DD0A1AE}.Release|x86.ActiveCfg = Release|Any CPU
		{688B7629-ED16-4EB3-823F-CE7B9DD0A1AE}.Release|x86.Build.0 = Release|Any CPU
		{100A38F9-5A14-4A39-B175-A1C28406B971}.Debug|Any CPU.ActiveCfg = Debug|Any CPU
		{100A38F9-5A14-4A39-B175-A1C28406B971}.Debug|Any CPU.Build.0 = Debug|Any CPU
		{100A38F9-5A14-4A39-B175-A1C28406B971}.Debug|x64.ActiveCfg = Debug|Any CPU
		{100A38F9-5A14-4A39-B175-A1C28406B971}.Debug|x64.Build.0 = Debug|Any CPU
		{100A38F9-5A14-4A39-B175-A1C28406B971}.Debug|x86.ActiveCfg = Debug|Any CPU
		{100A38F9-5A14-4A39-B175-A1C28406B971}.Debug|x86.Build.0 = Debug|Any CPU
		{100A38F9-5A14-4A39-B175-A1C28406B971}.Release|Any CPU.ActiveCfg = Release|Any CPU
		{100A38F9-5A14-4A39-B175-A1C28406B971}.Release|Any CPU.Build.0 = Release|Any CPU
		{100A38F9-5A14-4A39-B175-A1C28406B971}.Release|x64.ActiveCfg = Release|Any CPU
		{100A38F9-5A14-4A39-B175-A1C28406B971}.Release|x64.Build.0 = Release|Any CPU
		{100A38F9-5A14-4A39-B175-A1C28406B971}.Release|x86.ActiveCfg = Release|Any CPU
		{100A38F9-5A14-4A39-B175-A1C28406B971}.Release|x86.Build.0 = Release|Any CPU
		{3E25A8BD-0F60-4201-AA1D-CB549F04780C}.Debug|Any CPU.ActiveCfg = Debug|Any CPU
		{3E25A8BD-0F60-4201-AA1D-CB549F04780C}.Debug|Any CPU.Build.0 = Debug|Any CPU
		{3E25A8BD-0F60-4201-AA1D-CB549F04780C}.Debug|x64.ActiveCfg = Debug|Any CPU
		{3E25A8BD-0F60-4201-AA1D-CB549F04780C}.Debug|x64.Build.0 = Debug|Any CPU
		{3E25A8BD-0F60-4201-AA1D-CB549F04780C}.Debug|x86.ActiveCfg = Debug|Any CPU
		{3E25A8BD-0F60-4201-AA1D-CB549F04780C}.Debug|x86.Build.0 = Debug|Any CPU
		{3E25A8BD-0F60-4201-AA1D-CB549F04780C}.Release|Any CPU.ActiveCfg = Release|Any CPU
		{3E25A8BD-0F60-4201-AA1D-CB549F04780C}.Release|Any CPU.Build.0 = Release|Any CPU
		{3E25A8BD-0F60-4201-AA1D-CB549F04780C}.Release|x64.ActiveCfg = Release|Any CPU
		{3E25A8BD-0F60-4201-AA1D-CB549F04780C}.Release|x64.Build.0 = Release|Any CPU
		{3E25A8BD-0F60-4201-AA1D-CB549F04780C}.Release|x86.ActiveCfg = Release|Any CPU
		{3E25A8BD-0F60-4201-AA1D-CB549F04780C}.Release|x86.Build.0 = Release|Any CPU
	EndGlobalSection
	GlobalSection(SolutionProperties) = preSolution
		HideSolutionNode = FALSE
	EndGlobalSection
	GlobalSection(NestedProjects) = preSolution
		{2057F619-7544-48B9-8AAB-0ADB4AE4CF2D} = {F86ED025-97C5-4AA2-B6BD-43F85DF9323D}
		{00FC26FD-5747-468F-B3AB-9E863D9DE70E} = {F86ED025-97C5-4AA2-B6BD-43F85DF9323D}
		{1E7B6CC5-E6A5-487A-BAA4-A3F4BF71BDBB} = {5C3E3278-69E7-433C-8F67-11003A81C8C7}
		{0E3BCC87-0583-4855-A68E-6890305B70F9} = {10741CC8-3106-44C3-80CC-1C67BCE90543}
		{93EF9260-28B7-412B-A036-83044E5CCDED} = {1E7C4162-6B31-46D1-8314-8C031AE0A38C}
		{688B7629-ED16-4EB3-823F-CE7B9DD0A1AE} = {1E7C4162-6B31-46D1-8314-8C031AE0A38C}
		{100A38F9-5A14-4A39-B175-A1C28406B971} = {10741CC8-3106-44C3-80CC-1C67BCE90543}
		{3E25A8BD-0F60-4201-AA1D-CB549F04780C} = {F86ED025-97C5-4AA2-B6BD-43F85DF9323D}
	EndGlobalSection
EndGlobal
